Microsoft Visual Studio Solution File, Format Version 12.00
# Visual Studio Version 17
VisualStudioVersion = 17.5.2.0
MinimumVisualStudioVersion = 10.0.40219.1
Project("{FAE04EC0-301F-11D3-BF4B-00C04F79EFBC}") = "SeleniumTestSuite", "SeleniumTestSuite.csproj", "{8B25B598-D89C-63BB-757D-681BEAC9CAEE}"
EndProject
Global
	GlobalSection(SolutionConfigurationPlatforms) = preSolution
		Debug|Any CPU = Debug|Any CPU
		Release|Any CPU = Release|Any CPU
	EndGlobalSection
	GlobalSection(ProjectConfigurationPlatforms) = postSolution
		{8B25B598-D89C-63BB-757D-681BEAC9CAEE}.Debug|Any CPU.ActiveCfg = Debug|Any CPU
		{8B25B598-D89C-63BB-757D-681BEAC9CAEE}.Debug|Any CPU.Build.0 = Debug|Any CPU
		{8B25B598-D89C-63BB-757D-681BEAC9CAEE}.Release|Any CPU.ActiveCfg = Release|Any CPU
		{8B25B598-D89C-63BB-757D-681BEAC9CAEE}.Release|Any CPU.Build.0 = Release|Any CPU
	EndGlobalSection
	GlobalSection(SolutionProperties) = preSolution
		HideSolutionNode = FALSE
	EndGlobalSection
	GlobalSection(ExtensibilityGlobals) = postSolution
		SolutionGuid = {DA62AAE5-4E82-4200-982E-41BFC5BE2CA5}
	EndGlobalSection
EndGlobal
